
Microsoft Visual Studio Solution File, Format Version 12.00
# Visual Studio Version 17
VisualStudioVersion = 17.14.36511.14 d17.14
MinimumVisualStudioVersion = 10.0.40219.1
Project("{FAE04EC0-301F-11D3-BF4B-00C04F79EFBC}") = "Wekker", "Wekker\Wekker.csproj", "{6A1B8903-34DC-4824-8B01-5A9F0102E2DD}"
EndProject
Global
	GlobalSection(SolutionConfigurationPlatforms) = preSolution
		Debug|Any CPU = Debug|Any CPU
		Release|Any CPU = Release|Any CPU
	EndGlobalSection
	GlobalSection(ProjectConfigurationPlatforms) = postSolution
		{6A1B8903-34DC-4824-8B01-5A9F0102E2DD}.Debug|Any CPU.ActiveCfg = Debug|Any CPU
		{6A1B8903-34DC-4824-8B01-5A9F0102E2DD}.Debug|Any CPU.Build.0 = Debug|Any CPU
		{6A1B8903-34DC-4824-8B01-5A9F0102E2DD}.Release|Any CPU.ActiveCfg = Release|Any CPU
		{6A1B8903-34DC-4824-8B01-5A9F0102E2DD}.Release|Any CPU.Build.0 = Release|Any CPU
	EndGlobalSection
	GlobalSection(SolutionProperties) = preSolution
		HideSolutionNode = FALSE
	EndGlobalSection
	GlobalSection(ExtensibilityGlobals) = postSolution
		SolutionGuid = {6944311E-076E-44A7-8256-94C897CB422E}
	EndGlobalSection
EndGlobal
